# This file is automatically @generated by Cargo.
# It is not intended for manual editing.
version = 4

[[package]]
name = "attempt_2"
version = "0.1.0"

[[package]]
name = "attempt_3"
version = "0.1.0"

[[package]]
name = "attempt_4"
version = "0.1.0"

[[package]]
name = "ui_lib_demo"
version = "0.1.0"
